
Microsoft Visual Studio Solution File, Format Version 12.00
# Visual Studio Version 17
VisualStudioVersion = 17.13.35825.156
MinimumVisualStudioVersion = 10.0.40219.1
Project("{8BC9CEB8-8B4A-11D0-8D11-00A0C91BC942}") = "Client", "Project\Client\Client.vcxproj", "{DA51F1B4-C30E-4405-8B75-78C81DFC7FF9}"
	ProjectSection(ProjectDependencies) = postProject
		{90A02ECD-73D4-4011-9E8D-75490DA201BF} = {90A02ECD-73D4-4011-9E8D-75490DA201BF}
	EndProjectSection
EndProject
Project("{8BC9CEB8-8B4A-11D0-8D11-00A0C91BC942}") = "Engine", "Project\Engine\Engine.vcxproj", "{90A02ECD-73D4-4011-9E8D-75490DA201BF}"
EndProject
Global
	GlobalSection(SolutionConfigurationPlatforms) = preSolution
		Debug|x64 = Debug|x64
		Debug|x86 = Debug|x86
		Release|x64 = Release|x64
		Release|x86 = Release|x86
	EndGlobalSection
	GlobalSection(ProjectConfigurationPlatforms) = postSolution
		{DA51F1B4-C30E-4405-8B75-78C81DFC7FF9}.Debug|x64.ActiveCfg = Debug|x64
		{DA51F1B4-C30E-4405-8B75-78C81DFC7FF9}.Debug|x64.Build.0 = Debug|x64
		{DA51F1B4-C30E-4405-8B75-78C81DFC7FF9}.Debug|x86.ActiveCfg = Debug|Win32
		{DA51F1B4-C30E-4405-8B75-78C81DFC7FF9}.Debug|x86.Build.0 = Debug|Win32
		{DA51F1B4-C30E-4405-8B75-78C81DFC7FF9}.Release|x64.ActiveCfg = Release|x64
		{DA51F1B4-C30E-4405-8B75-78C81DFC7FF9}.Release|x64.Build.0 = Release|x64
		{DA51F1B4-C30E-4405-8B75-78C81DFC7FF9}.Release|x86.ActiveCfg = Release|Win32
		{DA51F1B4-C30E-4405-8B75-78C81DFC7FF9}.Release|x86.Build.0 = Release|Win32
		{90A02ECD-73D4-4011-9E8D-75490DA201BF}.Debug|x64.ActiveCfg = Debug|x64
		{90A02ECD-73D4-4011-9E8D-75490DA201BF}.Debug|x64.Build.0 = Debug|x64
		{90A02ECD-73D4-4011-9E8D-75490DA201BF}.Debug|x86.ActiveCfg = Debug|Win32
		{90A02ECD-73D4-4011-9E8D-75490DA201BF}.Debug|x86.Build.0 = Debug|Win32
		{90A02ECD-73D4-4011-9E8D-75490DA201BF}.Release|x64.ActiveCfg = Release|x64
		{90A02ECD-73D4-4011-9E8D-75490DA201BF}.Release|x64.Build.0 = Release|x64
		{90A02ECD-73D4-4011-9E8D-75490DA201BF}.Release|x86.ActiveCfg = Release|Win32
		{90A02ECD-73D4-4011-9E8D-75490DA201BF}.Release|x86.Build.0 = Release|Win32
	EndGlobalSection
	GlobalSection(SolutionProperties) = preSolution
		HideSolutionNode = FALSE
	EndGlobalSection
	GlobalSection(ExtensibilityGlobals) = postSolution
		SolutionGuid = {2AE0B1C1-F6FE-4E29-BCFF-85DC4DE8217C}
	EndGlobalSection
EndGlobal
